
Microsoft Visual Studio Solution File, Format Version 12.00
# Visual Studio Version 16
VisualStudioVersion = 16.0.31313.79
MinimumVisualStudioVersion = 10.0.40219.1
Project("{FAE04EC0-301F-11D3-BF4B-00C04F79EFBC}") = "BookHub", "BookHub\BookHub.csproj", "{D858CE2C-4836-4DD2-BA4A-42BF9D7F7005}"
EndProject
Global
	GlobalSection(SolutionConfigurationPlatforms) = preSolution
		Debug|Any CPU = Debug|Any CPU
		Release|Any CPU = Release|Any CPU
	EndGlobalSection
	GlobalSection(ProjectConfigurationPlatforms) = postSolution
		{D858CE2C-4836-4DD2-BA4A-42BF9D7F7005}.Debug|Any CPU.ActiveCfg = Debug|Any CPU
		{D858CE2C-4836-4DD2-BA4A-42BF9D7F7005}.Debug|Any CPU.Build.0 = Debug|Any CPU
		{D858CE2C-4836-4DD2-BA4A-42BF9D7F7005}.Release|Any CPU.ActiveCfg = Release|Any CPU
		{D858CE2C-4836-4DD2-BA4A-42BF9D7F7005}.Release|Any CPU.Build.0 = Release|Any CPU
	EndGlobalSection
	GlobalSection(SolutionProperties) = preSolution
		HideSolutionNode = FALSE
	EndGlobalSection
	GlobalSection(ExtensibilityGlobals) = postSolution
		SolutionGuid = {45683041-30FA-4CAE-BC4C-D29FD3A95ADD}
	EndGlobalSection
EndGlobal
